[[package]]
name = "certifi"
version = "2021.10.8"
description = "Python package for providing Mozilla's CA Bundle."
category = "main"
optional = false
python-versions = "*"

[[package]]
name = "charset-normalizer"
version = "2.0.12"
description = "The Real First Universal Charset Detector. Open, modern and actively maintained alternative to Chardet."
category = "main"
optional = false
python-versions = ">=3.5.0"

[package.extras]
unicode_backport = ["unicodedata2"]

[[package]]
name = "flake8"
version = "3.9.2"
description = "the modular source code checker: pep8 pyflakes and co"
category = "main"
optional = false
python-versions = "!=3.0.*,!=3.1.*,!=3.2.*,!=3.3.*,!=3.4.*,>=2.7"

[package.dependencies]
importlib-metadata = {version = "*", markers = "python_version < \"3.8\""}
mccabe = ">=0.6.0,<0.7.0"
pycodestyle = ">=2.7.0,<2.8.0"
pyflakes = ">=2.3.0,<2.4.0"

[[package]]
name = "idna"
version = "3.3"
description = "Internationalized Domain Names in Applications (IDNA)"
category = "main"
optional = false
python-versions = ">=3.5"

[[package]]
name = "importlib-metadata"
version = "4.8.3"
description = "Read metadata from Python packages"
category = "main"
optional = false
python-versions = ">=3.6"

[package.dependencies]
typing-extensions = {version = ">=3.6.4", markers = "python_version < \"3.8\""}
zipp = ">=0.5"

[package.extras]
docs = ["sphinx", "jaraco.packaging (>=8.2)", "rst.linker (>=1.9)"]
perf = ["ipython"]
testing = ["pytest (>=6)", "pytest-checkdocs (>=2.4)", "pytest-flake8", "pytest-cov", "pytest-enabler (>=1.0.1)", "packaging", "pep517", "pyfakefs", "flufl.flake8", "pytest-perf (>=0.9.2)", "pytest-black (>=0.3.7)", "pytest-mypy", "importlib-resources (>=1.3)"]

[[package]]
name = "iso-639"
version = "0.4.5"
description = "Python library for ISO 639 standard"
category = "main"
optional = false
python-versions = "*"

[[package]]
name = "iso3166"
version = "2.0.2"
description = "Self-contained ISO 3166-1 country definitions."
category = "main"
optional = false
python-versions = ">= 3.6"

[[package]]
name = "isodate"
version = "0.6.1"
description = "An ISO 8601 date/time/duration parser and formatter"
category = "main"
optional = false
python-versions = "*"

[package.dependencies]
six = "*"

[[package]]
name = "lxml"
version = "4.8.0"
description = "Powerful and Pythonic XML processing library combining libxml2/libxslt with the ElementTree API."
category = "main"
optional = false
python-versions = ">=2.7, !=3.0.*, !=3.1.*, !=3.2.*, !=3.3.*, != 3.4.*"

[package.extras]
cssselect = ["cssselect (>=0.7)"]
html5 = ["html5lib"]
htmlsoup = ["beautifulsoup4"]
source = ["Cython (>=0.29.7)"]

[[package]]
name = "mccabe"
version = "0.6.1"
description = "McCabe checker, plugin for flake8"
category = "main"
optional = false
python-versions = "*"

[[package]]
name = "pycodestyle"
version = "2.7.0"
description = "Python style guide checker"
category = "main"
optional = false
python-versions = ">=2.7, !=3.0.*, !=3.1.*, !=3.2.*, !=3.3.*"

[[package]]
name = "pycryptodome"
version = "3.14.1"
description = "Cryptographic library for Python"
category = "main"
optional = false
python-versions = ">=2.7, !=3.0.*, !=3.1.*, !=3.2.*, !=3.3.*, !=3.4.*"

[[package]]
name = "pyflakes"
version = "2.3.1"
description = "passive checker of Python programs"
category = "main"
optional = false
python-versions = ">=2.7, !=3.0.*, !=3.1.*, !=3.2.*, !=3.3.*"

[[package]]
name = "pysocks"
version = "1.7.1"
description = "A Python SOCKS client module. See https://github.com/Anorov/PySocks for more information."
category = "main"
optional = false
python-versions = ">=2.7, !=3.0.*, !=3.1.*, !=3.2.*, !=3.3.*"

[[package]]
name = "python-dateutil"
version = "2.8.2"
description = "Extensions to the standard Python datetime module"
category = "main"
optional = false
python-versions = "!=3.0.*,!=3.1.*,!=3.2.*,>=2.7"

[package.dependencies]
six = ">=1.5"

[[package]]
name = "requests"
version = "2.27.1"
description = "Python HTTP for Humans."
category = "main"
optional = false
python-versions = ">=2.7, !=3.0.*, !=3.1.*, !=3.2.*, !=3.3.*, !=3.4.*, !=3.5.*"

[package.dependencies]
certifi = ">=2017.4.17"
charset-normalizer = {version = ">=2.0.0,<2.1.0", markers = "python_version >= \"3\""}
idna = {version = ">=2.5,<4", markers = "python_version >= \"3\""}
urllib3 = ">=1.21.1,<1.27"

[package.extras]
socks = ["PySocks (>=1.5.6,!=1.5.7)", "win-inet-pton"]
use_chardet_on_py3 = ["chardet (>=3.0.2,<5)"]

[[package]]
name = "six"
version = "1.16.0"
description = "Python 2 and 3 compatibility utilities"
category = "main"
optional = false
python-versions = ">=2.7, !=3.0.*, !=3.1.*, !=3.2.*"

[[package]]
name = "streamlink"
version = "2.4.0"
description = "Streamlink is a command-line utility that extracts streams from various services and pipes them into a video player of choice."
category = "main"
optional = false
python-versions = ">=3.6, <4"

[package.dependencies]
iso-639 = "*"
iso3166 = "*"
isodate = "*"
lxml = ">=4.6.3"
pycryptodome = ">=3.4.3,<4"
PySocks = ">=1.5.6,<1.5.7 || >1.5.7"
requests = ">=2.26.0,<3.0"
websocket-client = ">=0.58.0"

[[package]]
name = "typing-extensions"
version = "4.1.1"
description = "Backported and Experimental Type Hints for Python 3.6+"
category = "main"
optional = false
python-versions = ">=3.6"

[[package]]
name = "urllib3"
version = "1.26.9"
description = "HTTP library with thread-safe connection pooling, file post, and more."
category = "main"
optional = false
python-versions = ">=2.7, !=3.0.*, !=3.1.*, !=3.2.*, !=3.3.*, !=3.4.*, <4"

[package.extras]
brotli = ["brotlicffi (>=0.8.0)", "brotli (>=1.0.9)", "brotlipy (>=0.6.0)"]
secure = ["pyOpenSSL (>=0.14)", "cryptography (>=1.3.4)", "idna (>=2.0.0)", "certifi", "ipaddress"]
socks = ["PySocks (>=1.5.6,!=1.5.7,<2.0)"]

[[package]]
name = "websocket-client"
version = "1.3.1"
description = "WebSocket client for Python with low level API options"
category = "main"
optional = false
python-versions = ">=3.6"

[package.extras]
docs = ["Sphinx (>=3.4)", "sphinx-rtd-theme (>=0.5)"]
optional = ["python-socks", "wsaccel"]
test = ["websockets"]

[[package]]
name = "zipp"
version = "3.6.0"
description = "Backport of pathlib-compatible object wrapper for zip files"
category = "main"
optional = false
python-versions = ">=3.6"

[package.extras]
docs = ["sphinx", "jaraco.packaging (>=8.2)", "rst.linker (>=1.9)"]
testing = ["pytest (>=4.6)", "pytest-checkdocs (>=2.4)", "pytest-flake8", "pytest-cov", "pytest-enabler (>=1.0.1)", "jaraco.itertools", "func-timeout", "pytest-black (>=0.3.7)", "pytest-mypy"]

[metadata]
lock-version = "1.1"
python-versions = "^3.6"
content-hash = "e8a521aabdf272731d5e017a59482c38d7e4fdd695f0cdf1575a816acb46e4ad"

[metadata.files]
certifi = [
    {file = "certifi-2021.10.8-py2.py3-none-any.whl", hash = "sha256:d62a0163eb4c2344ac042ab2bdf75399a71a2d8c7d47eac2e2ee91b9d6339569"},
    {file = "certifi-2021.10.8.tar.gz", hash = "sha256:78884e7c1d4b00ce3cea67b44566851c4343c120abd683433ce934a68ea58872"},
]
charset-normalizer = [
    {file = "charset-normalizer-2.0.12.tar.gz", hash = "sha256:2857e29ff0d34db842cd7ca3230549d1a697f96ee6d3fb071cfa6c7393832597"},
    {file = "charset_normalizer-2.0.12-py3-none-any.whl", hash = "sha256:6881edbebdb17b39b4eaaa821b438bf6eddffb4468cf344f09f89def34a8b1df"},
]
flake8 = [
    {file = "flake8-3.9.2-py2.py3-none-any.whl", hash = "sha256:bf8fd333346d844f616e8d47905ef3a3384edae6b4e9beb0c5101e25e3110907"},
    {file = "flake8-3.9.2.tar.gz", hash = "sha256:07528381786f2a6237b061f6e96610a4167b226cb926e2aa2b6b1d78057c576b"},
]
idna = [
    {file = "idna-3.3-py3-none-any.whl", hash = "sha256:84d9dd047ffa80596e0f246e2eab0b391788b0503584e8945f2368256d2735ff"},
    {file = "idna-3.3.tar.gz", hash = "sha256:9d643ff0a55b762d5cdb124b8eaa99c66322e2157b69160bc32796e824360e6d"},
]
importlib-metadata = [
    {file = "importlib_metadata-4.8.3-py3-none-any.whl", hash = "sha256:65a9576a5b2d58ca44d133c42a241905cc45e34d2c06fd5ba2bafa221e5d7b5e"},
    {file = "importlib_metadata-4.8.3.tar.gz", hash = "sha256:766abffff765960fcc18003801f7044eb6755ffae4521c8e8ce8e83b9c9b0668"},
]
iso-639 = [
    {file = "iso-639-0.4.5.tar.gz", hash = "sha256:dc9cd4b880b898d774c47fe9775167404af8a85dd889d58f9008035109acce49"},
]
iso3166 = [
    {file = "iso3166-2.0.2-py3-none-any.whl", hash = "sha256:55e93c8a7587cae9479ad68c823390e33493d17d95b457271032594e5f1f7aae"},
    {file = "iso3166-2.0.2.tar.gz", hash = "sha256:04d02cfcfc18a6f8a9a4edb4d0a55e2e4fc575626c29d702f750de415e88d372"},
]
isodate = [
    {file = "isodate-0.6.1-py2.py3-none-any.whl", hash = "sha256:0751eece944162659049d35f4f549ed815792b38793f07cf73381c1c87cbed96"},
    {file = "isodate-0.6.1.tar.gz", hash = "sha256:48c5881de7e8b0a0d648cb024c8062dc84e7b840ed81e864c7614fd3c127bde9"},
]
lxml = [
    {file = "lxml-4.8.0-cp27-cp27m-macosx_10_14_x86_64.whl", hash = "sha256:e1ab2fac607842ac36864e358c42feb0960ae62c34aa4caaf12ada0a1fb5d99b"},
    {file = "lxml-4.8.0-cp27-cp27m-manylinux_2_5_i686.manylinux1_i686.whl", hash = "sha256:28d1af847786f68bec57961f31221125c29d6f52d9187c01cd34dc14e2b29430"},
    {file = "lxml-4.8.0-cp27-cp27m-manylinux_2_5_x86_64.manylinux1_x86_64.whl", hash = "sha256:b92d40121dcbd74831b690a75533da703750f7041b4bf951befc657c37e5695a"},
    {file = "lxml-4.8.0-cp27-cp27m-win32.whl", hash = "sha256:e01f9531ba5420838c801c21c1b0f45dbc9607cb22ea2cf132844453bec863a5"},
    {file = "lxml-4.8.0-cp27-cp27m-win_amd64.whl", hash = "sha256:6259b511b0f2527e6d55ad87acc1c07b3cbffc3d5e050d7e7bcfa151b8202df9"},
    {file = "lxml-4.8.0-cp27-cp27mu-manylinux_2_5_i686.manylinux1_i686.whl", hash = "sha256:1010042bfcac2b2dc6098260a2ed022968dbdfaf285fc65a3acf8e4eb1ffd1bc"},
    {file = "lxml-4.8.0-cp27-cp27mu-manylinux_2_5_x86_64.manylinux1_x86_64.whl", hash = "sha256:fa56bb08b3dd8eac3a8c5b7d075c94e74f755fd9d8a04543ae8d37b1612dd170"},
    {file = "lxml-4.8.0-cp310-cp310-macosx_10_15_x86_64.whl", hash = "sha256:31ba2cbc64516dcdd6c24418daa7abff989ddf3ba6d3ea6f6ce6f2ed6e754ec9"},
    {file = "lxml-4.8.0-cp310-cp310-manylinux_2_12_i686.manylinux2010_i686.manylinux_2_24_i686.whl", hash = "sha256:31499847fc5f73ee17dbe1b8e24c6dafc4e8d5b48803d17d22988976b0171f03"},
    {file = "lxml-4.8.0-cp310-cp310-manylinux_2_17_aarch64.manylinux2014_aarch64.manylinux_2_24_aarch64.whl", hash = "sha256:5f7d7d9afc7b293147e2d506a4596641d60181a35279ef3aa5778d0d9d9123fe"},
    {file = "lxml-4.8.0-cp310-cp310-manylinux_2_17_x86_64.manylinux2014_x86_64.manylinux_2_24_x86_64.whl", hash = "sha256:a3c5f1a719aa11866ffc530d54ad965063a8cbbecae6515acbd5f0fae8f48eaa"},
    {file = "lxml-4.8.0-cp310-cp310-musllinux_1_1_x86_64.whl", hash = "sha256:6268e27873a3d191849204d00d03f65c0e343b3bcb518a6eaae05677c95621d1"},
    {file = "lxml-4.8.0-cp310-cp310-win32.whl", hash = "sha256:330bff92c26d4aee79c5bc4d9967858bdbe73fdbdbacb5daf623a03a914fe05b"},
    {file = "lxml-4.8.0-cp310-cp310-win_amd64.whl", hash = "sha256:b2582b238e1658c4061ebe1b4df53c435190d22457642377fd0cb30685cdfb76"},
    {file = "lxml-4.8.0-cp35-cp35m-manylinux_2_5_i686.manylinux1_i686.whl", hash = "sha256:a2bfc7e2a0601b475477c954bf167dee6d0f55cb167e3f3e7cefad906e7759f6"},
    {file = "lxml-4.8.0-cp35-cp35m-manylinux_2_5_x86_64.manylinux1_x86_64.whl", hash = "sha256:a1547ff4b8a833511eeaceacbcd17b043214fcdb385148f9c1bc5556ca9623e2"},
    {file = "lxml-4.8.0-cp35-cp35m-win32.whl", hash = "sha256:a9f1c3489736ff8e1c7652e9dc39f80cff820f23624f23d9eab6e122ac99b150"},
    {file = "lxml-4.8.0-cp35-cp35m-win_amd64.whl", hash = "sha256:530f278849031b0eb12f46cca0e5db01cfe5177ab13bd6878c6e739319bae654"},
    {file = "lxml-4.8.0-cp36-cp36m-macosx_10_14_x86_64.whl", hash = "sha256:078306d19a33920004addeb5f4630781aaeabb6a8d01398045fcde085091a169"},
    {file = "lxml-4.8.0-cp36-cp36m-manylinux_2_12_i686.manylinux2010_i686.manylinux_2_24_i686.whl", hash = "sha256:86545e351e879d0b72b620db6a3b96346921fa87b3d366d6c074e5a9a0b8dadb"},
    {file = "lxml-4.8.0-cp36-cp36m-manylinux_2_17_aarch64.manylinux2014_aarch64.whl", hash = "sha256:24f5c5ae618395ed871b3d8ebfcbb36e3f1091fd847bf54c4de623f9107942f3"},
    {file = "lxml-4.8.0-cp36-cp36m-manylinux_2_17_x86_64.manylinux2014_x86_64.manylinux_2_24_x86_64.whl", hash = "sha256:bbab6faf6568484707acc052f4dfc3802bdb0cafe079383fbaa23f1cdae9ecd4"},
    {file = "lxml-4.8.0-cp36-cp36m-manylinux_2_5_i686.manylinux1_i686.whl", hash = "sha256:7993232bd4044392c47779a3c7e8889fea6883be46281d45a81451acfd704d7e"},
    {file = "lxml-4.8.0-cp36-cp36m-manylinux_2_5_x86_64.manylinux1_x86_64.whl", hash = "sha256:6d6483b1229470e1d8835e52e0ff3c6973b9b97b24cd1c116dca90b57a2cc613"},
    {file = "lxml-4.8.0-cp36-cp36m-musllinux_1_1_x86_64.whl", hash = "sha256:ad4332a532e2d5acb231a2e5d33f943750091ee435daffca3fec0a53224e7e33"},
    {file = "lxml-4.8.0-cp36-cp36m-win32.whl", hash = "sha256:db3535733f59e5605a88a706824dfcb9bd06725e709ecb017e165fc1d6e7d429"},
    {file = "lxml-4.8.0-cp36-cp36m-win_amd64.whl", hash = "sha256:5f148b0c6133fb928503cfcdfdba395010f997aa44bcf6474fcdd0c5398d9b63"},
    {file = "lxml-4.8.0-cp37-cp37m-macosx_10_14_x86_64.whl", hash = "sha256:8a31f24e2a0b6317f33aafbb2f0895c0bce772980ae60c2c640d82caac49628a"},
    {file = "lxml-4.8.0-cp37-cp37m-manylinux_2_12_i686.manylinux2010_i686.manylinux_2_24_i686.whl", hash = "sha256:719544565c2937c21a6f76d520e6e52b726d132815adb3447ccffbe9f44203c4"},
    {file = "lxml-4.8.0-cp37-cp37m-manylinux_2_17_aarch64.manylinux2014_aarch64.manylinux_2_24_aarch64.whl", hash = "sha256:c0b88ed1ae66777a798dc54f627e32d3b81c8009967c63993c450ee4cbcbec15"},
    {file = "lxml-4.8.0-cp37-cp37m-manylinux_2_17_x86_64.manylinux2014_x86_64.manylinux_2_24_x86_64.whl", hash = "sha256:fa9b7c450be85bfc6cd39f6df8c5b8cbd76b5d6fc1f69efec80203f9894b885f"},
    {file = "lxml-4.8.0-cp37-cp37m-manylinux_2_5_i686.manylinux1_i686.whl", hash = "sha256:e9f84ed9f4d50b74fbc77298ee5c870f67cb7e91dcdc1a6915cb1ff6a317476c"},
    {file = "lxml-4.8.0-cp37-cp37m-manylinux_2_5_x86_64.manylinux1_x86_64.whl", hash = "sha256:1d650812b52d98679ed6c6b3b55cbb8fe5a5460a0aef29aeb08dc0b44577df85"},
    {file = "lxml-4.8.0-cp37-cp37m-musllinux_1_1_x86_64.whl", hash = "sha256:80bbaddf2baab7e6de4bc47405e34948e694a9efe0861c61cdc23aa774fcb141"},
    {file = "lxml-4.8.0-cp37-cp37m-win32.whl", hash = "sha256:6f7b82934c08e28a2d537d870293236b1000d94d0b4583825ab9649aef7ddf63"},
    {file = "lxml-4.8.0-cp37-cp37m-win_amd64.whl", hash = "sha256:e1fd7d2fe11f1cb63d3336d147c852f6d07de0d0020d704c6031b46a30b02ca8"},
    {file = "lxml-4.8.0-cp38-cp38-macosx_10_14_x86_64.whl", hash = "sha256:5045ee1ccd45a89c4daec1160217d363fcd23811e26734688007c26f28c9e9e7"},
    {file = "lxml-4.8.0-cp38-cp38-manylinux_2_12_i686.manylinux2010_i686.manylinux_2_24_i686.whl", hash = "sha256:0c1978ff1fd81ed9dcbba4f91cf09faf1f8082c9d72eb122e92294716c605428"},
    {file = "lxml-4.8.0-cp38-cp38-manylinux_2_17_aarch64.manylinux2014_aarch64.manylinux_2_24_aarch64.whl", hash = "sha256:52cbf2ff155b19dc4d4100f7442f6a697938bf4493f8d3b0c51d45568d5666b5"},
    {file = "lxml-4.8.0-cp38-cp38-manylinux_2_17_x86_64.manylinux2014_x86_64.manylinux_2_24_x86_64.whl", hash = "sha256:ce13d6291a5f47c1c8dbd375baa78551053bc6b5e5c0e9bb8e39c0a8359fd52f"},
    {file = "lxml-4.8.0-cp38-cp38-manylinux_2_5_i686.manylinux1_i686.whl", hash = "sha256:e11527dc23d5ef44d76fef11213215c34f36af1608074561fcc561d983aeb870"},
    {file = "lxml-4.8.0-cp38-cp38-manylinux_2_5_x86_64.manylinux1_x86_64.whl", hash = "sha256:60d2f60bd5a2a979df28ab309352cdcf8181bda0cca4529769a945f09aba06f9"},
    {file = "lxml-4.8.0-cp38-cp38-musllinux_1_1_x86_64.whl", hash = "sha256:62f93eac69ec0f4be98d1b96f4d6b964855b8255c345c17ff12c20b93f247b68"},
    {file = "lxml-4.8.0-cp38-cp38-win32.whl", hash = "sha256:20b8a746a026017acf07da39fdb10aa80ad9877046c9182442bf80c84a1c4696"},
    {file = "lxml-4.8.0-cp38-cp38-win_amd64.whl", hash = "sha256:891dc8f522d7059ff0024cd3ae79fd224752676447f9c678f2a5c14b84d9a939"},
    {file = "lxml-4.8.0-cp39-cp39-macosx_10_15_x86_64.whl", hash = "sha256:b6fc2e2fb6f532cf48b5fed57567ef286addcef38c28874458a41b7837a57807"},
    {file = "lxml-4.8.0-cp39-cp39-manylinux_2_12_i686.manylinux2010_i686.manylinux_2_24_i686.whl", hash = "sha256:74eb65ec61e3c7c019d7169387d1b6ffcfea1b9ec5894d116a9a903636e4a0b1"},
    {file = "lxml-4.8.0-cp39-cp39-manylinux_2_17_aarch64.manylinux2014_aarch64.manylinux_2_24_aarch64.whl", hash = "sha256:627e79894770783c129cc5e89b947e52aa26e8e0557c7e205368a809da4b7939"},
    {file = "lxml-4.8.0-cp39-cp39-manylinux_2_17_x86_64.manylinux2014_x86_64.manylinux_2_24_x86_64.whl", hash = "sha256:545bd39c9481f2e3f2727c78c169425efbfb3fbba6e7db4f46a80ebb249819ca"},
    {file = "lxml-4.8.0-cp39-cp39-manylinux_2_5_i686.manylinux1_i686.whl", hash = "sha256:5a58d0b12f5053e270510bf12f753a76aaf3d74c453c00942ed7d2c804ca845c"},
    {file = "lxml-4.8.0-cp39-cp39-manylinux_2_5_x86_64.manylinux1_x86_64.whl", hash = "sha256:ec4b4e75fc68da9dc0ed73dcdb431c25c57775383fec325d23a770a64e7ebc87"},
    {file = "lxml-4.8.0-cp39-cp39-musllinux_1_1_x86_64.whl", hash = "sha256:5804e04feb4e61babf3911c2a974a5b86f66ee227cc5006230b00ac6d285b3a9"},
    {file = "lxml-4.8.0-cp39-cp39-win32.whl", hash = "sha256:aa0cf4922da7a3c905d000b35065df6184c0dc1d866dd3b86fd961905bbad2ea"},
    {file = "lxml-4.8.0-cp39-cp39-win_amd64.whl", hash = "sha256:dd10383f1d6b7edf247d0960a3db274c07e96cf3a3fc7c41c8448f93eac3fb1c"},
    {file = "lxml-4.8.0-pp37-pypy37_pp73-macosx_10_14_x86_64.whl", hash = "sha256:2403a6d6fb61c285969b71f4a3527873fe93fd0abe0832d858a17fe68c8fa507"},
    {file = "lxml-4.8.0-pp37-pypy37_pp73-manylinux_2_12_i686.manylinux2010_i686.manylinux_2_24_i686.whl", hash = "sha256:986b7a96228c9b4942ec420eff37556c5777bfba6758edcb95421e4a614b57f9"},
    {file = "lxml-4.8.0-pp37-pypy37_pp73-manylinux_2_17_x86_64.manylinux2014_x86_64.manylinux_2_24_x86_64.whl", hash = "sha256:6fe4ef4402df0250b75ba876c3795510d782def5c1e63890bde02d622570d39e"},
    {file = "lxml-4.8.0-pp38-pypy38_pp73-macosx_10_14_x86_64.whl", hash = "sha256:f10ce66fcdeb3543df51d423ede7e238be98412232fca5daec3e54bcd16b8da0"},
    {file = "lxml-4.8.0-pp38-pypy38_pp73-manylinux_2_12_i686.manylinux2010_i686.manylinux_2_24_i686.whl", hash = "sha256:730766072fd5dcb219dd2b95c4c49752a54f00157f322bc6d71f7d2a31fecd79"},
    {file = "lxml-4.8.0-pp38-pypy38_pp73-manylinux_2_17_x86_64.manylinux2014_x86_64.manylinux_2_24_x86_64.whl", hash = "sha256:8b99ec73073b37f9ebe8caf399001848fced9c08064effdbfc4da2b5a8d07b93"},
    {file = "lxml-4.8.0.tar.gz", hash = "sha256:f63f62fc60e6228a4ca9abae28228f35e1bd3ce675013d1dfb828688d50c6e23"},
]
mccabe = [
    {file = "mccabe-0.6.1-py2.py3-none-any.whl", hash = "sha256:ab8a6258860da4b6677da4bd2fe5dc2c659cff31b3ee4f7f5d64e79735b80d42"},
    {file = "mccabe-0.6.1.tar.gz", hash = "sha256:dd8d182285a0fe56bace7f45b5e7d1a6ebcbf524e8f3bd87eb0f125271b8831f"},
]
pycodestyle = [
    {file = "pycodestyle-2.7.0-py2.py3-none-any.whl", hash = "sha256:514f76d918fcc0b55c6680472f0a37970994e07bbb80725808c17089be302068"},
    {file = "pycodestyle-2.7.0.tar.gz", hash = "sha256:c389c1d06bf7904078ca03399a4816f974a1d590090fecea0c63ec26ebaf1cef"},
]
pycryptodome = [
    {file = "pycryptodome-3.14.1-cp27-cp27m-macosx_10_9_x86_64.whl", hash = "sha256:75a3a364fee153e77ed889c957f6f94ec6d234b82e7195b117180dcc9fc16f96"},
    {file = "pycryptodome-3.14.1-cp27-cp27m-manylinux1_i686.whl", hash = "sha256:aae395f79fa549fb1f6e3dc85cf277f0351e15a22e6547250056c7f0c990d6a5"},
    {file = "pycryptodome-3.14.1-cp27-cp27m-manylinux1_x86_64.whl", hash = "sha256:f403a3e297a59d94121cb3ee4b1cf41f844332940a62d71f9e4a009cc3533493"},
    {file = "pycryptodome-3.14.1-cp27-cp27m-manylinux2010_i686.whl", hash = "sha256:ce7a875694cd6ccd8682017a7c06c6483600f151d8916f2b25cf7a439e600263"},
    {file = "pycryptodome-3.14.1-cp27-cp27m-manylinux2010_x86_64.whl", hash = "sha256:a36ab51674b014ba03da7f98b675fcb8eabd709a2d8e18219f784aba2db73b72"},
    {file = "pycryptodome-3.14.1-cp27-cp27m-manylinux2014_aarch64.whl", hash = "sha256:50a5346af703330944bea503106cd50c9c2212174cfcb9939db4deb5305a8367"},
    {file = "pycryptodome-3.14.1-cp27-cp27m-win32.whl", hash = "sha256:36e3242c4792e54ed906c53f5d840712793dc68b726ec6baefd8d978c5282d30"},
    {file = "pycryptodome-3.14.1-cp27-cp27m-win_amd64.whl", hash = "sha256:c880a98376939165b7dc504559f60abe234b99e294523a273847f9e7756f4132"},
    {file = "pycryptodome-3.14.1-cp27-cp27mu-manylinux1_i686.whl", hash = "sha256:dcd65355acba9a1d0fc9b923875da35ed50506e339b35436277703d7ace3e222"},
    {file = "pycryptodome-3.14.1-cp27-cp27mu-manylinux1_x86_64.whl", hash = "sha256:766a8e9832128c70012e0c2b263049506cbf334fb21ff7224e2704102b6ef59e"},
    {file = "pycryptodome-3.14.1-cp27-cp27mu-manylinux2010_i686.whl", hash = "sha256:2562de213960693b6d657098505fd4493c45f3429304da67efcbeb61f0edfe89"},
    {file = "pycryptodome-3.14.1-cp27-cp27mu-manylinux2010_x86_64.whl", hash = "sha256:d1b7739b68a032ad14c5e51f7e4e1a5f92f3628bba024a2bda1f30c481fc85d8"},
    {file = "pycryptodome-3.14.1-cp27-cp27mu-manylinux2014_aarch64.whl", hash = "sha256:27e92c1293afcb8d2639baf7eb43f4baada86e4de0f1fb22312bfc989b95dae2"},
    {file = "pycryptodome-3.14.1-cp35-abi3-macosx_10_9_x86_64.whl", hash = "sha256:f2772af1c3ef8025c85335f8b828d0193fa1e43256621f613280e2c81bfad423"},
    {file = "pycryptodome-3.14.1-cp35-abi3-manylinux1_i686.whl", hash = "sha256:9ec761a35dbac4a99dcbc5cd557e6e57432ddf3e17af8c3c86b44af9da0189c0"},
    {file = "pycryptodome-3.14.1-cp35-abi3-manylinux1_x86_64.whl", hash = "sha256:e64738207a02a83590df35f59d708bf1e7ea0d6adce712a777be2967e5f7043c"},
    {file = "pycryptodome-3.14.1-cp35-abi3-manylinux2010_i686.whl", hash = "sha256:e24d4ec4b029611359566c52f31af45c5aecde7ef90bf8f31620fd44c438efe7"},
    {file = "pycryptodome-3.14.1-cp35-abi3-manylinux2010_x86_64.whl", hash = "sha256:8b5c28058102e2974b9868d72ae5144128485d466ba8739abd674b77971454cc"},
    {file = "pycryptodome-3.14.1-cp35-abi3-manylinux2014_aarch64.whl", hash = "sha256:924b6aad5386fb54f2645f22658cb0398b1f25bc1e714a6d1522c75d527deaa5"},
    {file = "pycryptodome-3.14.1-cp35-abi3-win32.whl", hash = "sha256:53dedbd2a6a0b02924718b520a723e88bcf22e37076191eb9b91b79934fb2192"},
    {file = "pycryptodome-3.14.1-cp35-abi3-win_amd64.whl", hash = "sha256:ea56a35fd0d13121417d39a83f291017551fa2c62d6daa6b04af6ece7ed30d84"},
    {file = "pycryptodome-3.14.1-pp27-pypy_73-macosx_10_9_x86_64.whl", hash = "sha256:028dcbf62d128b4335b61c9fbb7dd8c376594db607ef36d5721ee659719935d5"},
    {file = "pycryptodome-3.14.1-pp27-pypy_73-manylinux1_x86_64.whl", hash = "sha256:69f05aaa90c99ac2f2af72d8d7f185f729721ad7c4be89e9e3d0ab101b0ee875"},
    {file = "pycryptodome-3.14.1-pp27-pypy_73-manylinux2010_x86_64.whl", hash = "sha256:12ef157eb1e01a157ca43eda275fa68f8db0dd2792bc4fe00479ab8f0e6ae075"},
    {file = "pycryptodome-3.14.1-pp27-pypy_73-win32.whl", hash = "sha256:f572a3ff7b6029dd9b904d6be4e0ce9e309dcb847b03e3ac8698d9d23bb36525"},
    {file = "pycryptodome-3.14.1-pp36-pypy36_pp73-macosx_10_9_x86_64.whl", hash = "sha256:9924248d6920b59c260adcae3ee231cd5af404ac706ad30aa4cd87051bf09c50"},
    {file = "pycryptodome-3.14.1-pp36-pypy36_pp73-manylinux1_x86_64.whl", hash = "sha256:e0c04c41e9ade19fbc0eff6aacea40b831bfcb2c91c266137bcdfd0d7b2f33ba"},
    {file = "pycryptodome-3.14.1-pp36-pypy36_pp73-manylinux2010_x86_64.whl", hash = "sha256:893f32210de74b9f8ac869ed66c97d04e7d351182d6d39ebd3b36d3db8bda65d"},
    {file = "pycryptodome-3.14.1-pp36-pypy36_pp73-win32.whl", hash = "sha256:7fb90a5000cc9c9ff34b4d99f7f039e9c3477700e309ff234eafca7b7471afc0"},
    {file = "pycryptodome-3.14.1.tar.gz", hash = "sha256:e04e40a7f8c1669195536a37979dd87da2c32dbdc73d6fe35f0077b0c17c803b"},
]
pyflakes = [
    {file = "pyflakes-2.3.1-py2.py3-none-any.whl", hash = "sha256:7893783d01b8a89811dd72d7dfd4d84ff098e5eed95cfa8905b22bbffe52efc3"},
    {file = "pyflakes-2.3.1.tar.gz", hash = "sha256:f5bc8ecabc05bb9d291eb5203d6810b49040f6ff446a756326104746cc00c1db"},
]
pysocks = [
    {file = "PySocks-1.7.1-py27-none-any.whl", hash = "sha256:08e69f092cc6dbe92a0fdd16eeb9b9ffbc13cadfe5ca4c7bd92ffb078b293299"},
    {file = "PySocks-1.7.1-py3-none-any.whl", hash = "sha256:2725bd0a9925919b9b51739eea5f9e2bae91e83288108a9ad338b2e3a4435ee5"},
    {file = "PySocks-1.7.1.tar.gz", hash = "sha256:3f8804571ebe159c380ac6de37643bb4685970655d3bba243530d6558b799aa0"},
]
python-dateutil = [
    {file = "python-dateutil-2.8.2.tar.gz", hash = "sha256:0123cacc1627ae19ddf3c27a5de5bd67ee4586fbdd6440d9748f8abb483d3e86"},
    {file = "python_dateutil-2.8.2-py2.py3-none-any.whl", hash = "sha256:961d03dc3453ebbc59dbdea9e4e11c5651520a876d0f4db161e8674aae935da9"},
]
requests = [
    {file = "requests-2.27.1-py2.py3-none-any.whl", hash = "sha256:f22fa1e554c9ddfd16e6e41ac79759e17be9e492b3587efa038054674760e72d"},
    {file = "requests-2.27.1.tar.gz", hash = "sha256:68d7c56fd5a8999887728ef304a6d12edc7be74f1cfa47714fc8b414525c9a61"},
]
six = [
    {file = "six-1.16.0-py2.py3-none-any.whl", hash = "sha256:8abb2f1d86890a2dfb989f9a77cfcfd3e47c2a354b01111771326f8aa26e0254"},
    {file = "six-1.16.0.tar.gz", hash = "sha256:1e61c37477a1626458e36f7b1d82aa5c9b094fa4802892072e49de9c60c4c926"},
]
streamlink = [
    {file = "streamlink-2.4.0-py3-none-any.whl", hash = "sha256:26b3cd82a59b34484c18a46c873f05f108e2623818b5b26e8420961ea3fcc3dd"},
    {file = "streamlink-2.4.0-py3-none-win32.whl", hash = "sha256:023d78975be41410e091050e461902b6e871f66a0a1bf32d91dd1ab8025f4e0f"},
    {file = "streamlink-2.4.0-py3-none-win_amd64.whl", hash = "sha256:4600b2349928d05fd99b3648ff4342c95f4401b96ec94df801462e9479899dcb"},
    {file = "streamlink-2.4.0.tar.gz", hash = "sha256:e95588e222d1a7bd51e3171cd4bce84fd6f646418537aff37993d40f597810af"},
]
typing-extensions = [
    {file = "typing_extensions-4.1.1-py3-none-any.whl", hash = "sha256:21c85e0fe4b9a155d0799430b0ad741cdce7e359660ccbd8b530613e8df88ce2"},
    {file = "typing_extensions-4.1.1.tar.gz", hash = "sha256:1a9462dcc3347a79b1f1c0271fbe79e844580bb598bafa1ed208b94da3cdcd42"},
]
urllib3 = [
    {file = "urllib3-1.26.9-py2.py3-none-any.whl", hash = "sha256:44ece4d53fb1706f667c9bd1c648f5469a2ec925fcf3a776667042d645472c14"},
    {file = "urllib3-1.26.9.tar.gz", hash = "sha256:aabaf16477806a5e1dd19aa41f8c2b7950dd3c746362d7e3223dbe6de6ac448e"},
]
websocket-client = [
    {file = "websocket-client-1.3.1.tar.gz", hash = "sha256:6278a75065395418283f887de7c3beafb3aa68dada5cacbe4b214e8d26da499b"},
    {file = "websocket_client-1.3.1-py3-none-any.whl", hash = "sha256:074e2ed575e7c822fc0940d31c3ac9bb2b1142c303eafcf3e304e6ce035522e8"},
]
zipp = [
    {file = "zipp-3.6.0-py3-none-any.whl", hash = "sha256:9fe5ea21568a0a70e50f273397638d39b03353731e6cbbb3fd8502a33fec40bc"},
    {file = "zipp-3.6.0.tar.gz", hash = "sha256:71c644c5369f4a6e07636f0aa966270449561fcea2e3d6747b8d23efaa9d7832"},
]
